
Microsoft Visual Studio Solution File, Format Version 12.00
# Visual Studio 14
VisualStudioVersion = 14.0.24720.0
MinimumVisualStudioVersion = 10.0.40219.1
Project("{FAE04EC0-301F-11D3-BF4B-00C04F79EFBC}") = "DAL", "DAL\DAL.csproj", "{381F99E0-B2B5-42EF-BCBB-F7CE53D4F083}"
EndProject
Project("{FAE04EC0-301F-11D3-BF4B-00C04F79EFBC}") = "BL", "BL\BL.csproj", "{906A9B66-C5F0-4A60-AD2B-096B2C345F87}"
EndProject
Project("{FAE04EC0-301F-11D3-BF4B-00C04F79EFBC}") = "ConsoleApplication1", "ConsoleApplication1\ConsoleApplication1.csproj", "{1F31D7BA-C435-47AC-BB16-27A17B23FC4A}"
EndProject
Project("{FAE04EC0-301F-11D3-BF4B-00C04F79EFBC}") = "Web", "Web\Web.csproj", "{FC5B3BF3-B465-4E4C-BA1B-0353FEE25A44}"
EndProject
Global
	GlobalSection(SolutionConfigurationPlatforms) = preSolution
		Debug|Any CPU = Debug|Any CPU
		Release|Any CPU = Release|Any CPU
	EndGlobalSection
	GlobalSection(ProjectConfigurationPlatforms) = postSolution
		{381F99E0-B2B5-42EF-BCBB-F7CE53D4F083}.Debug|Any CPU.ActiveCfg = Debug|Any CPU
		{381F99E0-B2B5-42EF-BCBB-F7CE53D4F083}.Debug|Any CPU.Build.0 = Debug|Any CPU
		{381F99E0-B2B5-42EF-BCBB-F7CE53D4F083}.Release|Any CPU.ActiveCfg = Release|Any CPU
		{381F99E0-B2B5-42EF-BCBB-F7CE53D4F083}.Release|Any CPU.Build.0 = Release|Any CPU
		{906A9B66-C5F0-4A60-AD2B-096B2C345F87}.Debug|Any CPU.ActiveCfg = Debug|Any CPU
		{906A9B66-C5F0-4A60-AD2B-096B2C345F87}.Debug|Any CPU.Build.0 = Debug|Any CPU
		{906A9B66-C5F0-4A60-AD2B-096B2C345F87}.Release|Any CPU.ActiveCfg = Release|Any CPU
		{906A9B66-C5F0-4A60-AD2B-096B2C345F87}.Release|Any CPU.Build.0 = Release|Any CPU
		{1F31D7BA-C435-47AC-BB16-27A17B23FC4A}.Debug|Any CPU.ActiveCfg = Debug|Any CPU
		{1F31D7BA-C435-47AC-BB16-27A17B23FC4A}.Debug|Any CPU.Build.0 = Debug|Any CPU
		{1F31D7BA-C435-47AC-BB16-27A17B23FC4A}.Release|Any CPU.ActiveCfg = Release|Any CPU
		{1F31D7BA-C435-47AC-BB16-27A17B23FC4A}.Release|Any CPU.Build.0 = Release|Any CPU
		{1F31D7BA-C435-47AC-BB16-27A17B23FC4A}.Release|Any CPU.Deploy.0 = Release|Any CPU
		{FC5B3BF3-B465-4E4C-BA1B-0353FEE25A44}.Debug|Any CPU.ActiveCfg = Debug|Any CPU
		{FC5B3BF3-B465-4E4C-BA1B-0353FEE25A44}.Debug|Any CPU.Build.0 = Debug|Any CPU
		{FC5B3BF3-B465-4E4C-BA1B-0353FEE25A44}.Release|Any CPU.ActiveCfg = Release|Any CPU
		{FC5B3BF3-B465-4E4C-BA1B-0353FEE25A44}.Release|Any CPU.Build.0 = Release|Any CPU
	EndGlobalSection
	GlobalSection(SolutionProperties) = preSolution
		HideSolutionNode = FALSE
	EndGlobalSection
EndGlobal
